
Microsoft Visual Studio Solution File, Format Version 12.00
# Visual Studio Version 16
VisualStudioVersion = 16.0.30907.101
MinimumVisualStudioVersion = 10.0.40219.1
Project("{9A19103F-16F7-4668-BE54-9A1E7A4F7556}") = "Library", "Library\Library.csproj", "{C3F7D71C-B0D5-48F5-9D0B-B7831C1B8A08}"
EndProject
Project("{FAE04EC0-301F-11D3-BF4B-00C04F79EFBC}") = "LibraryTests", "LibraryTests\LibraryTests.csproj", "{6053B792-C890-478B-B9F7-B32820C47966}"
EndProject
Global
	GlobalSection(SolutionConfigurationPlatforms) = preSolution
		Debug|Any CPU = Debug|Any CPU
		Release|Any CPU = Release|Any CPU
	EndGlobalSection
	GlobalSection(ProjectConfigurationPlatforms) = postSolution
		{C3F7D71C-B0D5-48F5-9D0B-B7831C1B8A08}.Debug|Any CPU.ActiveCfg = Debug|Any CPU
		{C3F7D71C-B0D5-48F5-9D0B-B7831C1B8A08}.Debug|Any CPU.Build.0 = Debug|Any CPU
		{C3F7D71C-B0D5-48F5-9D0B-B7831C1B8A08}.Release|Any CPU.ActiveCfg = Release|Any CPU
		{C3F7D71C-B0D5-48F5-9D0B-B7831C1B8A08}.Release|Any CPU.Build.0 = Release|Any CPU
		{6053B792-C890-478B-B9F7-B32820C47966}.Debug|Any CPU.ActiveCfg = Debug|Any CPU
		{6053B792-C890-478B-B9F7-B32820C47966}.Debug|Any CPU.Build.0 = Debug|Any CPU
		{6053B792-C890-478B-B9F7-B32820C47966}.Release|Any CPU.ActiveCfg = Release|Any CPU
		{6053B792-C890-478B-B9F7-B32820C47966}.Release|Any CPU.Build.0 = Release|Any CPU
	EndGlobalSection
	GlobalSection(SolutionProperties) = preSolution
		HideSolutionNode = FALSE
	EndGlobalSection
	GlobalSection(ExtensibilityGlobals) = postSolution
		SolutionGuid = {E481B5CB-3494-4C4C-AF39-82E5EACF4907}
	EndGlobalSection
EndGlobal
